// !$*UTF8*$!
{
	archiveVersion = 1;
	classes = {
	};
	objectVersion = 46;
	objects = {

/* Begin PBXBuildFile section */
		9FFD2DDE1ECCB5E900B92620 /* AppDelegate.swift in Sources */ = {isa = PBXBuildFile; fileRef = 9FFD2DDD1ECCB5E900B92620 /* AppDelegate.swift */; };
		9FFD2DE01ECCB5E900B92620 /* ViewController.swift in Sources */ = {isa = PBXBuildFile; fileRef = 9FFD2DDF1ECCB5E900B92620 /* ViewController.swift */; };
		9FFD2DE31ECCB5E900B92620 /* Main.storyboard in Resources */ = {isa = PBXBuildFile; fileRef = 9FFD2DE11ECCB5E900B92620 /* Main.storyboard */; };
		9FFD2DE51ECCB5E900B92620 /* Assets.xcassets in Resources */ = {isa = PBXBuildFile; fileRef = 9FFD2DE41ECCB5E900B92620 /* Assets.xcassets */; };
		9FFD2DE81ECCB5E900B92620 /* LaunchScreen.storyboard in Resources */ = {isa = PBXBuildFile; fileRef = 9FFD2DE61ECCB5E900B92620 /* LaunchScreen.storyboard */; };
		9FFD2DF21ECCB83F00B92620 /* SJSlotMzachine.swift in Sources */ = {isa = PBXBuildFile; fileRef = 9FFD2DF11ECCB83F00B92620 /* SJSlotMzachine.swift */; };
/* End PBXBuildFile section */

/* Begin PBXFileReference section */
		9FFD2DDA1ECCB5E900B92620 /* SJDemo.app */ = {isa = PBXFileReference; explicitFileType = wrapper.application; includeInIndex = 0; path = SJDemo.app; sourceTree = BUILT_PRODUCTS_DIR; };
		9FFD2DDD1ECCB5E900B92620 /* AppDelegate.swift */ = {isa = PBXFileReference; lastKnownFileType = sourcecode.swift; path = AppDelegate.swift; sourceTree = "<group>"; };
		9FFD2DDF1ECCB5E900B92620 /* ViewController.swift */ = {isa = PBXFileReference; lastKnownFileType = sourcecode.swift; path = ViewController.swift; sourceTree = "<group>"; };
		9FFD2DE21ECCB5E900B92620 /* Base */ = {isa = PBXFileReference; lastKnownFileType = file.storyboard; name = Base; path = Base.lproj/Main.storyboard; sourceTree = "<group>"; };
		9FFD2DE41ECCB5E900B92620 /* Assets.xcassets */ = {isa = PBXFileReference; lastKnownFileType = folder.assetcatalog; path = Assets.xcassets; sourceTree = "<group>"; };
		9FFD2DE71ECCB5E900B92620 /* Base */ = {isa = PBXFileReference; lastKnownFileType = file.storyboard; name = Base; path = Base.lproj/LaunchScreen.storyboard; sourceTree = "<group>"; };
		9FFD2DE91ECCB5E900B92620 /* Info.plist */ = {isa = PBXFileReference; lastKnownFileType = text.plist.xml; path = Info.plist; sourceTree = "<group>"; };
		9FFD2DF11ECCB83F00B92620 /* SJSlotMzachine.swift */ = {isa = PBXFileReference; fileEncoding = 4; lastKnownFileType = sourcecode.swift; name = SJSlotMzachine.swift; path = ../../SJSlotMachine/SJSlotMzachine.swift; sourceTree = "<group>"; };
/* End PBXFileReference section */

/* Begin PBXFrameworksBuildPhase section */
		9FFD2DD71ECCB5E900B92620 /* Frameworks */ = {
			isa = PBXFrameworksBuildPhase;
			buildActionMask = 2147483647;
			files = (
			);
			runOnlyForDeploymentPostprocessing = 0;
		};
/* End PBXFrameworksBuildPhase section */

/* Begin PBXGroup section */
		9FFD2DD11ECCB5E800B92620 = {
			isa = PBXGroup;
			children = (
				9FFD2DDC1ECCB5E900B92620 /* SJDemo */,
				9FFD2DDB1ECCB5E900B92620 /* Products */,
			);
			sourceTree = "<group>";
		};
		9FFD2DDB1ECCB5E900B92620 /* Products */ = {
			isa = PBXGroup;
			children = (
				9FFD2DDA1ECCB5E900B92620 /* SJDemo.app */,
			);
			name = Products;
			sourceTree = "<group>";
		};
		9FFD2DDC1ECCB5E900B92620 /* SJDemo */ = {
			isa = PBXGroup;
			children = (
				9FFD2DF11ECCB83F00B92620 /* SJSlotMzachine.swift */,
				9FFD2DDD1ECCB5E900B92620 /* AppDelegate.swift */,
				9FFD2DDF1ECCB5E900B92620 /* ViewController.swift */,
				9FFD2DE11ECCB5E900B92620 /* Main.storyboard */,
				9FFD2DE41ECCB5E900B92620 /* Assets.xcassets */,
				9FFD2DE61ECCB5E900B92620 /* LaunchScreen.storyboard */,
				9FFD2DE91ECCB5E900B92620 /* Info.plist */,
			);
			path = SJDemo;
			sourceTree = "<group>";
		};
/* End PBXGroup section */

/* Begin PBXNativeTarget section */
		9FFD2DD91ECCB5E900B92620 /* SJDemo */ = {
			isa = PBXNativeTarget;
			buildConfigurationList = 9FFD2DEC1ECCB5E900B92620 /* Build configuration list for PBXNativeTarget "SJDemo" */;
			buildPhases = (
				9FFD2DD61ECCB5E900B92620 /* Sources */,
				9FFD2DD71ECCB5E900B92620 /* Frameworks */,
				9FFD2DD81ECCB5E900B92620 /* Resources */,
			);
			buildRules = (
			);
			dependencies = (
			);
			name = SJDemo;
			productName = SJDemo;
			productReference = 9FFD2DDA1ECCB5E900B92620 /* SJDemo.app */;
			productType = "com.apple.product-type.application";
		};
/* End PBXNativeTarget section */

/* Begin PBXProject section */
		9FFD2DD21ECCB5E800B92620 /* Project object */ = {
			isa = PBXProject;
			attributes = {
				LastSwiftUpdateCheck = 0830;
				LastUpgradeCheck = 0830;
				ORGANIZATIONNAME = "Shabir Jan";
				TargetAttributes = {
					9FFD2DD91ECCB5E900B92620 = {
						CreatedOnToolsVersion = 8.3.2;
						DevelopmentTeam = XW59622FY6;
						ProvisioningStyle = Automatic;
					};
				};
			};
			buildConfigurationList = 9FFD2DD51ECCB5E800B92620 /* Build configuration list for PBXProject "SJDemo" */;
			compatibilityVersion = "Xcode 3.2";
			developmentRegion = English;
			hasScannedForEncodings = 0;
			knownRegions = (
				en,
				Base,
			);
			mainGroup = 9FFD2DD11ECCB5E800B92620;
			productRefGroup = 9FFD2DDB1ECCB5E900B92620 /* Products */;
			projectDirPath = "";
			projectRoot = "";
			targets = (
				9FFD2DD91ECCB5E900B92620 /* SJDemo */,
			);
		};
/* End PBXProject section */

/* Begin PBXResourcesBuildPhase section */
		9FFD2DD81ECCB5E900B92620 /* Resources */ = {
			isa = PBXResourcesBuildPhase;
			buildActionMask = 2147483647;
			files = (
				9FFD2DE81ECCB5E900B92620 /* LaunchScreen.storyboard in Resources */,
				9FFD2DE51ECCB5E900B92620 /* Assets.xcassets in Resources */,
				9FFD2DE31ECCB5E900B92620 /* Main.storyboard in Resources */,
			);
			runOnlyForDeploymentPostprocessing = 0;
		};
/* End PBXResourcesBuildPhase section */

/* Begin PBXSourcesBuildPhase section */
		9FFD2DD61ECCB5E900B92620 /* Sources */ = {
			isa = PBXSourcesBuildPhase;
			buildActionMask = 2147483647;
			files = (
				9FFD2DE01ECCB5E900B92620 /* ViewController.swift in Sources */,
				9FFD2DDE1ECCB5E900B92620 /* AppDelegate.swift in Sources */,
				9FFD2DF21ECCB83F00B92620 /* SJSlotMzachine.swift in Sources */,
			);
			runOnlyForDeploymentPostprocessing = 0;
		};
/* End PBXSourcesBuildPhase section */

/* Begin PBXVariantGroup section */
		9FFD2DE11ECCB5E900B92620 /* Main.storyboard */ = {
			isa = PBXVariantGroup;
			children = (
				9FFD2DE21ECCB5E900B92620 /* Base */,
			);
			name = Main.storyboard;
			sourceTree = "<group>";
		};
		9FFD2DE61ECCB5E900B92620 /* LaunchScreen.storyboard */ = {
			isa = PBXVariantGroup;
			children = (
				9FFD2DE71ECCB5E900B92620 /* Base */,
			);
			name = LaunchScreen.storyboard;
			sourceTree = "<group>";
		};
/* End PBXVariantGroup section */

/* Begin XCBuildConfiguration section */
		9FFD2DEA1ECCB5E900B92620 /* Debug */ = {
			isa = XCBuildConfiguration;
			buildSettings = {
				ALWAYS_SEARCH_USER_PATHS = NO;
				CLANG_ANALYZER_NONNULL = YES;
				CLANG_ANALYZER_NUMBER_OBJECT_CONVERSION = YES_AGGRESSIVE;
				CLANG_CXX_LANGUAGE_STANDARD = "gnu++0x";
				CLANG_CXX_LIBRARY = "libc++";
				CLANG_ENABLE_MODULES = YES;
				CLANG_ENABLE_OBJC_ARC = YES;
				CLANG_WARN_BOOL_CONVERSION = YES;
				CLANG_WARN_CONSTANT_CONVERSION = YES;
				CLANG_WARN_DIRECT_OBJC_ISA_USAGE = YES_ERROR;
				CLANG_WARN_DOCUMENTATION_COMMENTS = YES;
				CLANG_WARN_EMPTY_BODY = YES;
				CLANG_WARN_ENUM_CONVERSION = YES;
				CLANG_WARN_INFINITE_RECURSION = YES;
				CLANG_WARN_INT_CONVERSION = YES;
				CLANG_WARN_OBJC_ROOT_CLASS = YES_ERROR;
				CLANG_WARN_SUSPICIOUS_MOVE = YES;
				CLANG_WARN_UNREACHABLE_CODE = YES;
				CLANG_WARN__DUPLICATE_METHOD_MATCH = YES;
				"CODE_SIGN_IDENTITY[sdk=iphoneos*]" = "iPhone Developer";
				COPY_PHASE_STRIP = NO;
				DEBUG_INFORMATION_FORMAT = dwarf;
				ENABLE_STRICT_OBJC_MSGSEND = YES;
				ENABLE_TESTABILITY = YES;
				GCC_C_LANGUAGE_STANDARD = gnu99;
				GCC_DYNAMIC_NO_PIC = NO;
				GCC_NO_COMMON_BLOCKS = YES;
				GCC_OPTIMIZATION_LEVEL = 0;
				GCC_PREPROCESSOR_DEFINITIONS = (
					"DEBUG=1",
					"$(inherited)",
				);
				GCC_WARN_64_TO_32_BIT_CONVERSION = YES;
				GCC_WARN_ABOUT_RETURN_TYPE = YES_ERROR;
				GCC_WARN_UNDECLARED_SELECTOR = YES;
				GCC_WARN_UNINITIALIZED_AUTOS = YES_AGGRESSIVE;
				GCC_WARN_UNUSED_FUNCTION = YES;
				GCC_WARN_UNUSED_VARIABLE = YES;
				IPHONEOS_DEPLOYMENT_TARGET = 10.3;
				MTL_ENABLE_DEBUG_INFO = YES;
				ONLY_ACTIVE_ARCH = YES;
				SDKROOT = iphoneos;
				SWIFT_ACTIVE_COMPILATION_CONDITIONS = DEBUG;
				SWIFT_OPTIMIZATION_LEVEL = "-Onone";
			};
			name = Debug;
		};
		9FFD2DEB1ECCB5E900B92620 /* Release */ = {
			isa = XCBuildConfiguration;
			buildSettings = {
				ALWAYS_SEARCH_USER_PATHS = NO;
				CLANG_ANALYZER_NONNULL = YES;
				CLANG_ANALYZER_NUMBER_OBJECT_CONVERSION = YES_AGGRESSIVE;
				CLANG_CXX_LANGUAGE_STANDARD = "gnu++0x";
				CLANG_CXX_LIBRARY = "libc++";
				CLANG_ENABLE_MODULES = YES;
				CLANG_ENABLE_OBJC_ARC = YES;
				CLANG_WARN_BOOL_CONVERSION = YES;
				CLANG_WARN_CONSTANT_CONVERSION = YES;
				CLANG_WARN_DIRECT_OBJC_ISA_USAGE = YES_ERROR;
				CLANG_WARN_DOCUMENTATION_COMMENTS = YES;
				CLANG_WARN_EMPTY_BODY = YES;
				CLANG_WARN_ENUM_CONVERSION = YES;
				CLANG_WARN_INFINITE_RECURSION = YES;
				CLANG_WARN_INT_CONVERSION = YES;
				CLANG_WARN_OBJC_ROOT_CLASS = YES_ERROR;
				CLANG_WARN_SUSPICIOUS_MOVE = YES;
				CLANG_WARN_UNREACHABLE_CODE = YES;
				CLANG_WARN__DUPLICATE_METHOD_MATCH = YES;
				"CODE_SIGN_IDENTITY[sdk=iphoneos*]" = "iPhone Developer";
				COPY_PHASE_STRIP = NO;
				DEBUG_INFORMATION_FORMAT = "dwarf-with-dsym";
				ENABLE_NS_ASSERTIONS = NO;
				ENABLE_STRICT_OBJC_MSGSEND = YES;
				GCC_C_LANGUAGE_STANDARD = gnu99;
				GCC_NO_COMMON_BLOCKS = YES;
				GCC_WARN_64_TO_32_BIT_CONVERSION = YES;
				GCC_WARN_ABOUT_RETURN_TYPE = YES_ERROR;
				GCC_WARN_UNDECLARED_SELECTOR = YES;
				GCC_WARN_UNINITIALIZED_AUTOS = YES_AGGRESSIVE;
				GCC_WARN_UNUSED_FUNCTION = YES;
				GCC_WARN_UNUSED_VARIABLE = YES;
				IPHONEOS_DEPLOYMENT_TARGET = 10.3;
				MTL_ENABLE_DEBUG_INFO = NO;
				SDKROOT = iphoneos;
				SWIFT_OPTIMIZATION_LEVEL = "-Owholemodule";
				VALIDATE_PRODUCT = YES;
			};
			name = Release;
		};
		9FFD2DED1ECCB5E900B92620 /* Debug */ = {
			isa = XCBuildConfiguration;
			buildSettings = {
				ASSETCATALOG_COMPILER_APPICON_NAME = AppIcon;
				DEVELOPMENT_TEAM = XW59622FY6;
				INFOPLIST_FILE = SJDemo/Info.plist;
				LD_RUNPATH_SEARCH_PATHS = "$(inherited) @executable_path/Frameworks";
				PRODUCT_BUNDLE_IDENTIFIER = com.shabir.SJDemo;
				PRODUCT_NAME = "$(TARGET_NAME)";
				SWIFT_VERSION = 3.0;
			};
			name = Debug;
		};
		9FFD2DEE1ECCB5E900B92620 /* Release */ = {
			isa = XCBuildConfiguration;
			buildSettings = {
				ASSETCATALOG_COMPILER_APPICON_NAME = AppIcon;
				DEVELOPMENT_TEAM = XW59622FY6;
				INFOPLIST_FILE = SJDemo/Info.plist;
				LD_RUNPATH_SEARCH_PATHS = "$(inherited) @executable_path/Frameworks";
				PRODUCT_BUNDLE_IDENTIFIER = com.shabir.SJDemo;
				PRODUCT_NAME = "$(TARGET_NAME)";
				SWIFT_VERSION = 3.0;
			};
			name = Release;
		};
/* End XCBuildConfiguration section */

/* Begin XCConfigurationList section */
		9FFD2DD51ECCB5E800B92620 /* Build configuration list for PBXProject "SJDemo" */ = {
			isa = XCConfigurationList;
			buildConfigurations = (
				9FFD2DEA1ECCB5E900B92620 /* Debug */,
				9FFD2DEB1ECCB5E900B92620 /* Release */,
			);
			defaultConfigurationIsVisible = 0;
			defaultConfigurationName = Release;
		};
		9FFD2DEC1ECCB5E900B92620 /* Build configuration list for PBXNativeTarget "SJDemo" */ = {
			isa = XCConfigurationList;
			buildConfigurations = (
				9FFD2DED1ECCB5E900B92620 /* Debug */,
				9FFD2DEE1ECCB5E900B92620 /* Release */,
			);
			defaultConfigurationIsVisible = 0;
			defaultConfigurationName = Release;
		};
/* End XCConfigurationList section */
	};
	rootObject = 9FFD2DD21ECCB5E800B92620 /* Project object */;
}
